{
    "_readme": [
        "This file locks the dependencies of your project to a known state",
        "Read more about it at http://getcomposer.org/doc/01-basic-usage.md#composer-lock-the-lock-file",
        "This file is @generated automatically"
    ],
    "hash": "f0cb766c5c6bbaa8773ac9ff7505d1ee",
    "packages": [
        {
            "name": "peteonline/puppet-modules",
            "version": "dev-master",
            "source": {
                "type": "git",
                "url": "https://github.com/peteonline/PuppetModules.git",
                "reference": "6ad6a556a4cd05f9da9af14f0af2c1d783a2ebfb"
            },
            "dist": {
                "type": "zip",
                "url": "https://api.github.com/repos/peteonline/PuppetModules/zipball/6ad6a556a4cd05f9da9af14f0af2c1d783a2ebfb",
                "reference": "6ad6a556a4cd05f9da9af14f0af2c1d783a2ebfb",
                "shasum": ""
            },
            "type": "library",
            "support": {
                "source": "https://github.com/peteonline/PuppetModules/tree/master",
                "issues": "https://github.com/peteonline/PuppetModules/issues"
            },
            "time": "2014-09-16 14:14:15"
        }
    ],
    "packages-dev": [

    ],
    "aliases": [

    ],
    "minimum-stability": "stable",
    "stability-flags": {
        "peteonline/puppet-modules": 20
    },
    "prefer-stable": false,
    "platform": [

    ],
    "platform-dev": [

    ]
}
